
Microsoft Visual Studio Solution File, Format Version 12.00
# Visual Studio 15
VisualStudioVersion = 15.0.28307.489
MinimumVisualStudioVersion = 10.0.40219.1
Project("{FAE04EC0-301F-11D3-BF4B-00C04F79EFBC}") = "AmazonSESSample", "AmazonSESSample\AmazonSESSample.csproj", "{1401914C-E26D-4CE7-BC8E-6D0C49F35A44}"
EndProject
Global
	GlobalSection(SolutionConfigurationPlatforms) = preSolution
		Debug|Any CPU = Debug|Any CPU
		Release|Any CPU = Release|Any CPU
	EndGlobalSection
	GlobalSection(ProjectConfigurationPlatforms) = postSolution
		{1401914C-E26D-4CE7-BC8E-6D0C49F35A44}.Debug|Any CPU.ActiveCfg = Debug|Any CPU
		{1401914C-E26D-4CE7-BC8E-6D0C49F35A44}.Debug|Any CPU.Build.0 = Debug|Any CPU
		{1401914C-E26D-4CE7-BC8E-6D0C49F35A44}.Release|Any CPU.ActiveCfg = Release|Any CPU
		{1401914C-E26D-4CE7-BC8E-6D0C49F35A44}.Release|Any CPU.Build.0 = Release|Any CPU
	EndGlobalSection
	GlobalSection(SolutionProperties) = preSolution
		HideSolutionNode = FALSE
	EndGlobalSection
	GlobalSection(ExtensibilityGlobals) = postSolution
		SolutionGuid = {4C99E94A-9B04-47B3-855D-8AAA93711ABA}
	EndGlobalSection
EndGlobal
